
Microsoft Visual Studio Solution File, Format Version 12.00
# Visual Studio 2012
Project("{FAE04EC0-301F-11D3-BF4B-00C04F79EFBC}") = "LegendsOfDescentW8", "DungeonGame\DungeonGame\LegendsOfDescentW8.csproj", "{FFE122AD-6C2C-4539-A48C-CAD098062D7F}"
EndProject
Project("{FAE04EC0-301F-11D3-BF4B-00C04F79EFBC}") = "Shared", "Shared\Shared.csproj", "{F8FD2DBF-AEE1-4B34-89AE-A7BD815FF2E5}"
EndProject
Global
	GlobalSection(SolutionConfigurationPlatforms) = preSolution
		Debug_Paid|Any CPU = Debug_Paid|Any CPU
		Debug_Paid|ARM = Debug_Paid|ARM
		Debug_Paid|x64 = Debug_Paid|x64
		Debug_Paid|x86 = Debug_Paid|x86
		Debug|Any CPU = Debug|Any CPU
		Debug|ARM = Debug|ARM
		Debug|x64 = Debug|x64
		Debug|x86 = Debug|x86
		Release_Paid|Any CPU = Release_Paid|Any CPU
		Release_Paid|ARM = Release_Paid|ARM
		Release_Paid|x64 = Release_Paid|x64
		Release_Paid|x86 = Release_Paid|x86
		Release|Any CPU = Release|Any CPU
		Release|ARM = Release|ARM
		Release|x64 = Release|x64
		Release|x86 = Release|x86
	EndGlobalSection
	GlobalSection(ProjectConfigurationPlatforms) = postSolution
		{FFE122AD-6C2C-4539-A48C-CAD098062D7F}.Debug_Paid|Any CPU.ActiveCfg = Debug|Any CPU
		{FFE122AD-6C2C-4539-A48C-CAD098062D7F}.Debug_Paid|Any CPU.Build.0 = Debug|Any CPU
		{FFE122AD-6C2C-4539-A48C-CAD098062D7F}.Debug_Paid|Any CPU.Deploy.0 = Debug|Any CPU
		{FFE122AD-6C2C-4539-A48C-CAD098062D7F}.Debug_Paid|ARM.ActiveCfg = Debug|ARM
		{FFE122AD-6C2C-4539-A48C-CAD098062D7F}.Debug_Paid|ARM.Build.0 = Debug|ARM
		{FFE122AD-6C2C-4539-A48C-CAD098062D7F}.Debug_Paid|ARM.Deploy.0 = Debug|ARM
		{FFE122AD-6C2C-4539-A48C-CAD098062D7F}.Debug_Paid|x64.ActiveCfg = Debug|x64
		{FFE122AD-6C2C-4539-A48C-CAD098062D7F}.Debug_Paid|x64.Build.0 = Debug|x64
		{FFE122AD-6C2C-4539-A48C-CAD098062D7F}.Debug_Paid|x64.Deploy.0 = Debug|x64
		{FFE122AD-6C2C-4539-A48C-CAD098062D7F}.Debug_Paid|x86.ActiveCfg = Debug|x86
		{FFE122AD-6C2C-4539-A48C-CAD098062D7F}.Debug_Paid|x86.Build.0 = Debug|x86
		{FFE122AD-6C2C-4539-A48C-CAD098062D7F}.Debug_Paid|x86.Deploy.0 = Debug|x86
		{FFE122AD-6C2C-4539-A48C-CAD098062D7F}.Debug|Any CPU.ActiveCfg = Debug|Any CPU
		{FFE122AD-6C2C-4539-A48C-CAD098062D7F}.Debug|Any CPU.Build.0 = Debug|Any CPU
		{FFE122AD-6C2C-4539-A48C-CAD098062D7F}.Debug|Any CPU.Deploy.0 = Debug|Any CPU
		{FFE122AD-6C2C-4539-A48C-CAD098062D7F}.Debug|ARM.ActiveCfg = Debug|ARM
		{FFE122AD-6C2C-4539-A48C-CAD098062D7F}.Debug|ARM.Build.0 = Debug|ARM
		{FFE122AD-6C2C-4539-A48C-CAD098062D7F}.Debug|ARM.Deploy.0 = Debug|ARM
		{FFE122AD-6C2C-4539-A48C-CAD098062D7F}.Debug|x64.ActiveCfg = Debug|x64
		{FFE122AD-6C2C-4539-A48C-CAD098062D7F}.Debug|x64.Build.0 = Debug|x64
		{FFE122AD-6C2C-4539-A48C-CAD098062D7F}.Debug|x64.Deploy.0 = Debug|x64
		{FFE122AD-6C2C-4539-A48C-CAD098062D7F}.Debug|x86.ActiveCfg = Debug|x86
		{FFE122AD-6C2C-4539-A48C-CAD098062D7F}.Debug|x86.Build.0 = Debug|x86
		{FFE122AD-6C2C-4539-A48C-CAD098062D7F}.Debug|x86.Deploy.0 = Debug|x86
		{FFE122AD-6C2C-4539-A48C-CAD098062D7F}.Release_Paid|Any CPU.ActiveCfg = Release_Arm|Any CPU
		{FFE122AD-6C2C-4539-A48C-CAD098062D7F}.Release_Paid|Any CPU.Build.0 = Release_Arm|Any CPU
		{FFE122AD-6C2C-4539-A48C-CAD098062D7F}.Release_Paid|Any CPU.Deploy.0 = Release_Arm|Any CPU
		{FFE122AD-6C2C-4539-A48C-CAD098062D7F}.Release_Paid|ARM.ActiveCfg = Release_Arm|ARM
		{FFE122AD-6C2C-4539-A48C-CAD098062D7F}.Release_Paid|ARM.Build.0 = Release_Arm|ARM
		{FFE122AD-6C2C-4539-A48C-CAD098062D7F}.Release_Paid|ARM.Deploy.0 = Release_Arm|ARM
		{FFE122AD-6C2C-4539-A48C-CAD098062D7F}.Release_Paid|x64.ActiveCfg = Release_Arm|x64
		{FFE122AD-6C2C-4539-A48C-CAD098062D7F}.Release_Paid|x64.Build.0 = Release_Arm|x64
		{FFE122AD-6C2C-4539-A48C-CAD098062D7F}.Release_Paid|x64.Deploy.0 = Release_Arm|x64
		{FFE122AD-6C2C-4539-A48C-CAD098062D7F}.Release_Paid|x86.ActiveCfg = Release_Arm|x86
		{FFE122AD-6C2C-4539-A48C-CAD098062D7F}.Release_Paid|x86.Build.0 = Release_Arm|x86
		{FFE122AD-6C2C-4539-A48C-CAD098062D7F}.Release_Paid|x86.Deploy.0 = Release_Arm|x86
		{FFE122AD-6C2C-4539-A48C-CAD098062D7F}.Release|Any CPU.ActiveCfg = Release|Any CPU
		{FFE122AD-6C2C-4539-A48C-CAD098062D7F}.Release|Any CPU.Build.0 = Release|Any CPU
		{FFE122AD-6C2C-4539-A48C-CAD098062D7F}.Release|Any CPU.Deploy.0 = Release|Any CPU
		{FFE122AD-6C2C-4539-A48C-CAD098062D7F}.Release|ARM.ActiveCfg = Release|ARM
		{FFE122AD-6C2C-4539-A48C-CAD098062D7F}.Release|ARM.Build.0 = Release|ARM
		{FFE122AD-6C2C-4539-A48C-CAD098062D7F}.Release|ARM.Deploy.0 = Release|ARM
		{FFE122AD-6C2C-4539-A48C-CAD098062D7F}.Release|x64.ActiveCfg = Release|x64
		{FFE122AD-6C2C-4539-A48C-CAD098062D7F}.Release|x64.Build.0 = Release|x64
		{FFE122AD-6C2C-4539-A48C-CAD098062D7F}.Release|x64.Deploy.0 = Release|x64
		{FFE122AD-6C2C-4539-A48C-CAD098062D7F}.Release|x86.ActiveCfg = Release|x86
		{FFE122AD-6C2C-4539-A48C-CAD098062D7F}.Release|x86.Build.0 = Release|x86
		{FFE122AD-6C2C-4539-A48C-CAD098062D7F}.Release|x86.Deploy.0 = Release|x86
		{F8FD2DBF-AEE1-4B34-89AE-A7BD815FF2E5}.Debug_Paid|Any CPU.ActiveCfg = Debug_Paid|Any CPU
		{F8FD2DBF-AEE1-4B34-89AE-A7BD815FF2E5}.Debug_Paid|Any CPU.Build.0 = Debug_Paid|Any CPU
		{F8FD2DBF-AEE1-4B34-89AE-A7BD815FF2E5}.Debug_Paid|ARM.ActiveCfg = Debug_Paid|Any CPU
		{F8FD2DBF-AEE1-4B34-89AE-A7BD815FF2E5}.Debug_Paid|x64.ActiveCfg = Debug_Paid|Any CPU
		{F8FD2DBF-AEE1-4B34-89AE-A7BD815FF2E5}.Debug_Paid|x86.ActiveCfg = Debug_Paid|Any CPU
		{F8FD2DBF-AEE1-4B34-89AE-A7BD815FF2E5}.Debug|Any CPU.ActiveCfg = Debug|Any CPU
		{F8FD2DBF-AEE1-4B34-89AE-A7BD815FF2E5}.Debug|Any CPU.Build.0 = Debug|Any CPU
		{F8FD2DBF-AEE1-4B34-89AE-A7BD815FF2E5}.Debug|ARM.ActiveCfg = Debug|Any CPU
		{F8FD2DBF-AEE1-4B34-89AE-A7BD815FF2E5}.Debug|x64.ActiveCfg = Debug|Any CPU
		{F8FD2DBF-AEE1-4B34-89AE-A7BD815FF2E5}.Debug|x86.ActiveCfg = Debug|Any CPU
		{F8FD2DBF-AEE1-4B34-89AE-A7BD815FF2E5}.Release_Paid|Any CPU.ActiveCfg = Release_Paid|Any CPU
		{F8FD2DBF-AEE1-4B34-89AE-A7BD815FF2E5}.Release_Paid|Any CPU.Build.0 = Release_Paid|Any CPU
		{F8FD2DBF-AEE1-4B34-89AE-A7BD815FF2E5}.Release_Paid|ARM.ActiveCfg = Release_Paid|Any CPU
		{F8FD2DBF-AEE1-4B34-89AE-A7BD815FF2E5}.Release_Paid|x64.ActiveCfg = Release_Paid|Any CPU
		{F8FD2DBF-AEE1-4B34-89AE-A7BD815FF2E5}.Release_Paid|x86.ActiveCfg = Release_Paid|Any CPU
		{F8FD2DBF-AEE1-4B34-89AE-A7BD815FF2E5}.Release|Any CPU.ActiveCfg = Release|Any CPU
		{F8FD2DBF-AEE1-4B34-89AE-A7BD815FF2E5}.Release|Any CPU.Build.0 = Release|Any CPU
		{F8FD2DBF-AEE1-4B34-89AE-A7BD815FF2E5}.Release|ARM.ActiveCfg = Release|Any CPU
		{F8FD2DBF-AEE1-4B34-89AE-A7BD815FF2E5}.Release|x64.ActiveCfg = Release|Any CPU
		{F8FD2DBF-AEE1-4B34-89AE-A7BD815FF2E5}.Release|x86.ActiveCfg = Release|Any CPU
	EndGlobalSection
	GlobalSection(SolutionProperties) = preSolution
		HideSolutionNode = FALSE
	EndGlobalSection
EndGlobal
